
Microsoft Visual Studio Solution File, Format Version 12.00
# Visual Studio Version 16
VisualStudioVersion = 16.0.31729.503
MinimumVisualStudioVersion = 10.0.40219.1
Project("{FAE04EC0-301F-11D3-BF4B-00C04F79EFBC}") = "pz_9", "pz_9\pz_9.csproj", "{37C0F3A2-D5FA-46AB-87AE-28EBCB3642D8}"
EndProject
Global
	GlobalSection(SolutionConfigurationPlatforms) = preSolution
		Debug|Any CPU = Debug|Any CPU
		Release|Any CPU = Release|Any CPU
	EndGlobalSection
	GlobalSection(ProjectConfigurationPlatforms) = postSolution
		{37C0F3A2-D5FA-46AB-87AE-28EBCB3642D8}.Debug|Any CPU.ActiveCfg = Debug|Any CPU
		{37C0F3A2-D5FA-46AB-87AE-28EBCB3642D8}.Debug|Any CPU.Build.0 = Debug|Any CPU
		{37C0F3A2-D5FA-46AB-87AE-28EBCB3642D8}.Release|Any CPU.ActiveCfg = Release|Any CPU
		{37C0F3A2-D5FA-46AB-87AE-28EBCB3642D8}.Release|Any CPU.Build.0 = Release|Any CPU
	EndGlobalSection
	GlobalSection(SolutionProperties) = preSolution
		HideSolutionNode = FALSE
	EndGlobalSection
	GlobalSection(ExtensibilityGlobals) = postSolution
		SolutionGuid = {54BA5146-5BFA-4B01-A7E4-D31C86B2931D}
	EndGlobalSection
EndGlobal
