
Microsoft Visual Studio Solution File, Format Version 12.00
# Visual Studio Version 16
VisualStudioVersion = 16.0.31729.503
MinimumVisualStudioVersion = 10.0.40219.1
Project("{FAE04EC0-301F-11D3-BF4B-00C04F79EFBC}") = "pz_4", "pz_4\pz_4.csproj", "{DD87C755-F6B4-4A0A-8C51-A0640484954D}"
EndProject
Global
	GlobalSection(SolutionConfigurationPlatforms) = preSolution
		Debug|Any CPU = Debug|Any CPU
		Release|Any CPU = Release|Any CPU
	EndGlobalSection
	GlobalSection(ProjectConfigurationPlatforms) = postSolution
		{DD87C755-F6B4-4A0A-8C51-A0640484954D}.Debug|Any CPU.ActiveCfg = Debug|Any CPU
		{DD87C755-F6B4-4A0A-8C51-A0640484954D}.Debug|Any CPU.Build.0 = Debug|Any CPU
		{DD87C755-F6B4-4A0A-8C51-A0640484954D}.Release|Any CPU.ActiveCfg = Release|Any CPU
		{DD87C755-F6B4-4A0A-8C51-A0640484954D}.Release|Any CPU.Build.0 = Release|Any CPU
	EndGlobalSection
	GlobalSection(SolutionProperties) = preSolution
		HideSolutionNode = FALSE
	EndGlobalSection
	GlobalSection(ExtensibilityGlobals) = postSolution
		SolutionGuid = {D80524FB-EC56-4E06-AE92-1B03B73EAE1A}
	EndGlobalSection
EndGlobal
