
Microsoft Visual Studio Solution File, Format Version 12.00
# Visual Studio Version 16
VisualStudioVersion = 16.0.31729.503
MinimumVisualStudioVersion = 10.0.40219.1
Project("{FAE04EC0-301F-11D3-BF4B-00C04F79EFBC}") = "pz_15", "pz_15\pz_15.csproj", "{77D10AEC-1C2C-4BCA-99DC-3B6E1B89FB0F}"
EndProject
Global
	GlobalSection(SolutionConfigurationPlatforms) = preSolution
		Debug|Any CPU = Debug|Any CPU
		Release|Any CPU = Release|Any CPU
	EndGlobalSection
	GlobalSection(ProjectConfigurationPlatforms) = postSolution
		{77D10AEC-1C2C-4BCA-99DC-3B6E1B89FB0F}.Debug|Any CPU.ActiveCfg = Debug|Any CPU
		{77D10AEC-1C2C-4BCA-99DC-3B6E1B89FB0F}.Debug|Any CPU.Build.0 = Debug|Any CPU
		{77D10AEC-1C2C-4BCA-99DC-3B6E1B89FB0F}.Release|Any CPU.ActiveCfg = Release|Any CPU
		{77D10AEC-1C2C-4BCA-99DC-3B6E1B89FB0F}.Release|Any CPU.Build.0 = Release|Any CPU
	EndGlobalSection
	GlobalSection(SolutionProperties) = preSolution
		HideSolutionNode = FALSE
	EndGlobalSection
	GlobalSection(ExtensibilityGlobals) = postSolution
		SolutionGuid = {01385611-07FB-4141-83B4-1FC84E9CC316}
	EndGlobalSection
EndGlobal
